<?xml version="1.0" encoding="utf-8"?>
<Project xmlns="http://schemas.microsoft.com/developer/msbuild/2003">
  <ItemGroup>
    <Filter Include="Form Files">
      <UniqueIdentifier>{99349809-55BA-4b9d-BF79-8FDBB0286EB3}</UniqueIdentifier>
      <Extensions>ui</Extensions>
      <ParseFiles>false</ParseFiles>
    </Filter>
    <Filter Include="Form Files">
      <UniqueIdentifier>{99349809-55BA-4b9d-BF79-8FDBB0286EB3}</UniqueIdentifier>
      <Extensions>ui</Extensions>
      <ParseFiles>false</ParseFiles>
    </Filter>
    <Filter Include="Generated Files">
      <UniqueIdentifier>{71ED8ED8-ACB9-4CE9-BBE1-E00B30144E11}</UniqueIdentifier>
      <Extensions>cpp;c;cxx;moc;h;def;odl;idl;res;</Extensions>
    </Filter>
    <Filter Include="Generated Files">
      <UniqueIdentifier>{71ED8ED8-ACB9-4CE9-BBE1-E00B30144E11}</UniqueIdentifier>
      <Extensions>cpp;c;cxx;moc;h;def;odl;idl;res;</Extensions>
    </Filter>
    <Filter Include="Header Files">
      <UniqueIdentifier>{93995380-89BD-4b04-88EB-625FBE52EBFB}</UniqueIdentifier>
      <Extensions>h;hpp;hxx;hm;inl;inc;xsd</Extensions>
    </Filter>
    <Filter Include="Header Files">
      <UniqueIdentifier>{93995380-89BD-4b04-88EB-625FBE52EBFB}</UniqueIdentifier>
      <Extensions>h;hpp;hxx;hm;inl;inc;xsd</Extensions>
    </Filter>
    <Filter Include="Resource Files">
      <UniqueIdentifier>{D9D6E242-F8AF-46E4-B9FD-80ECBC20BA3E}</UniqueIdentifier>
      <Extensions>qrc;*</Extensions>
      <ParseFiles>false</ParseFiles>
    </Filter>
    <Filter Include="Resource Files">
      <UniqueIdentifier>{D9D6E242-F8AF-46E4-B9FD-80ECBC20BA3E}</UniqueIdentifier>
      <Extensions>qrc;*</Extensions>
      <ParseFiles>false</ParseFiles>
    </Filter>
    <Filter Include="Source Files">
      <UniqueIdentifier>{4FC737F1-C7A5-4376-A066-2A32D752A2FF}</UniqueIdentifier>
      <Extensions>cpp;c;cxx;def;odl;idl;hpj;bat;asm;asmx</Extensions>
    </Filter>
    <Filter Include="Source Files">
      <UniqueIdentifier>{4FC737F1-C7A5-4376-A066-2A32D752A2FF}</UniqueIdentifier>
      <Extensions>cpp;c;cxx;def;odl;idl;hpj;bat;asm;asmx</Extensions>
    </Filter>
    <Filter Include="Distribution Files">
      <UniqueIdentifier>{B83CAF91-C7BF-462F-B76C-EA11631F866C}</UniqueIdentifier>
      <Extensions>*</Extensions>
      <ParseFiles>false</ParseFiles>
    </Filter>
    <Filter Include="Distribution Files">
      <UniqueIdentifier>{B83CAF91-C7BF-462F-B76C-EA11631F866C}</UniqueIdentifier>
      <Extensions>*</Extensions>
      <ParseFiles>false</ParseFiles>
    </Filter>
  </ItemGroup>
  <ItemGroup>
    <ClCompile Include="3rdparty\SARibbon\SARibbon.cpp">
      <Filter>Source Files</Filter>
    </ClCompile>
    <ClCompile Include="src\application\commands\addmodelcommand.cpp">
      <Filter>Source Files</Filter>
    </ClCompile>
    <ClCompile Include="src\geometry\placement\axis_placement.cpp">
      <Filter>Source Files</Filter>
    </ClCompile>
    <ClCompile Include="src\presentation\dialogs\boolean\bool_operation_dialog.cpp">
      <Filter>Source Files</Filter>
    </ClCompile>
    <ClCompile Include="src\presentation\features\boolean\boolean_feature_controller.cpp">
      <Filter>Source Files</Filter>
    </ClCompile>
    <ClCompile Include="src\geometry\boolean\boolean_ops.cpp">
      <Filter>Source Files</Filter>
    </ClCompile>
    <ClCompile Include="src\application\commands\booleancommand.cpp">
      <Filter>Source Files</Filter>
    </ClCompile>
    <ClCompile Include="src\presentation\dialogs\modification\chamfer_dialog.cpp">
      <Filter>Source Files</Filter>
    </ClCompile>
    <ClCompile Include="src\application\command\command.cpp">
      <Filter>Source Files</Filter>
    </ClCompile>
    <ClCompile Include="src\application\history\commandmanager.cpp">
      <Filter>Source Files</Filter>
    </ClCompile>
    <ClCompile Include="src\presentation\dialogs\primitives\cone_params_dialog.cpp">
      <Filter>Source Files</Filter>
    </ClCompile>
    <ClCompile Include="src\application\commands\creategeometrycommand.cpp">
      <Filter>Source Files</Filter>
    </ClCompile>
    <ClCompile Include="src\presentation\features\primitives\cuboid_interaction.cpp">
      <Filter>Source Files</Filter>
    </ClCompile>
    <ClCompile Include="src\presentation\dialogs\primitives\cuboid_params_dialog.cpp">
      <Filter>Source Files</Filter>
    </ClCompile>
    <ClCompile Include="src\presentation\dialogs\primitives\cylinder_dialog.cpp">
      <Filter>Source Files</Filter>
    </ClCompile>
    <ClCompile Include="src\presentation\dialogs\coordinates\datum_axis.cpp">
      <Filter>Source Files</Filter>
    </ClCompile>
    <ClCompile Include="src\presentation\dialogs\coordinates\datum_plane_dialog.cpp">
      <Filter>Source Files</Filter>
    </ClCompile>
    <ClCompile Include="src\interaction\coordinates\datum_tools.cpp">
      <Filter>Source Files</Filter>
    </ClCompile>
    <ClCompile Include="src\application\commands\deletemodelcommand.cpp">
      <Filter>Source Files</Filter>
    </ClCompile>
    <ClCompile Include="src\presentation\dialogs\common\expression_dialog.cpp">
      <Filter>Source Files</Filter>
    </ClCompile>
    <ClCompile Include="src\presentation\features\extrude_revolve\extrude_revolve_interaction.cpp">
      <Filter>Source Files</Filter>
    </ClCompile>
    <ClCompile Include="src\presentation\dialogs\extrude_revolve\extrusion_dialog.cpp">
      <Filter>Source Files</Filter>
    </ClCompile>
    <ClCompile Include="src\presentation\features\extrude_revolve\extrusion_face_selection.cpp">
      <Filter>Source Files</Filter>
    </ClCompile>
    <ClCompile Include="src\presentation\features\extrude_revolve\extrusion_feature_controller.cpp">
      <Filter>Source Files</Filter>
    </ClCompile>
    <ClCompile Include="src\geometry\extrusion\extrusion_geometry.cpp">
      <Filter>Source Files</Filter>
    </ClCompile>
    <ClCompile Include="src\geometry\extrusion\extrusion_recipe.cpp">
      <Filter>Source Files</Filter>
    </ClCompile>
    <ClCompile Include="src\application\commands\extrusioncommand.cpp">
      <Filter>Source Files</Filter>
    </ClCompile>
    <ClCompile Include="src\geometry\modification\feature_modification_geometry.cpp">
      <Filter>Source Files</Filter>
    </ClCompile>
    <ClCompile Include="src\infrastructure\serialization\feature_serializer.cpp">
      <Filter>Source Files</Filter>
    </ClCompile>
    <ClCompile Include="src\geometry\topology\feature_topology.cpp">
      <Filter>Source Files</Filter>
    </ClCompile>
    <ClCompile Include="src\presentation\features\modification\fillet_chamfer_controller.cpp">
      <Filter>Source Files</Filter>
    </ClCompile>
    <ClCompile Include="src\presentation\dialogs\modification\fillet_dialog.cpp">
      <Filter>Source Files</Filter>
    </ClCompile>
    <ClCompile Include="src\rendering\handles\handle_geometry.cpp">
      <Filter>Source Files</Filter>
    </ClCompile>
    <ClCompile Include="src\interaction\handles\handle_spec.cpp">
      <Filter>Source Files</Filter>
    </ClCompile>
    <ClCompile Include="src\presentation\dialogs\history\history_list_item.cpp">
      <Filter>Source Files</Filter>
    </ClCompile>
    <ClCompile Include="src\rendering\model\intersection_edge_pipeline.cpp">
      <Filter>Source Files</Filter>
    </ClCompile>
    <ClCompile Include="src\geometry\intersection\intersection_ops.cpp">
      <Filter>Source Files</Filter>
    </ClCompile>
    <ClCompile Include="src\rendering\model\intersection_render_store.cpp">
      <Filter>Source Files</Filter>
    </ClCompile>
    <ClCompile Include="src\app\main.cpp">
      <Filter>Source Files</Filter>
    </ClCompile>
    <ClCompile Include="src\presentation\main_window\main_menu_builder.cpp">
      <Filter>Source Files</Filter>
    </ClCompile>
    <ClCompile Include="src\viewport\main_view\main_viewport.cpp">
      <Filter>Source Files</Filter>
    </ClCompile>
    <ClCompile Include="src\viewport\main_view\main_viewport_click.cpp">
      <Filter>Source Files</Filter>
    </ClCompile>
    <ClCompile Include="src\presentation\main_window\main_window.cpp">
      <Filter>Source Files</Filter>
    </ClCompile>
    <ClCompile Include="src\presentation\main_window\main_window_context.cpp">
      <Filter>Source Files</Filter>
    </ClCompile>
    <ClCompile Include="src\presentation\main_window\main_window_coordinates.cpp">
      <Filter>Source Files</Filter>
    </ClCompile>
    <ClCompile Include="src\presentation\main_window\main_window_document.cpp">
      <Filter>Source Files</Filter>
    </ClCompile>
    <ClCompile Include="src\presentation\main_window\main_window_events.cpp">
      <Filter>Source Files</Filter>
    </ClCompile>
    <ClCompile Include="src\presentation\main_window\main_window_feature_regeneration.cpp">
      <Filter>Source Files</Filter>
    </ClCompile>
    <ClCompile Include="src\presentation\main_window\main_window_feature_tree.cpp">
      <Filter>Source Files</Filter>
    </ClCompile>
    <ClCompile Include="src\presentation\main_window\main_window_history_highlight.cpp">
      <Filter>Source Files</Filter>
    </ClCompile>
    <ClCompile Include="src\presentation\main_window\main_window_history_snapshot.cpp">
      <Filter>Source Files</Filter>
    </ClCompile>
    <ClCompile Include="src\presentation\main_window\main_window_intersections.cpp">
      <Filter>Source Files</Filter>
    </ClCompile>
    <ClCompile Include="src\presentation\main_window\main_window_model_regeneration.cpp">
      <Filter>Source Files</Filter>
    </ClCompile>
    <ClCompile Include="src\presentation\main_window\main_window_occ_shape.cpp">
      <Filter>Source Files</Filter>
    </ClCompile>
    <ClCompile Include="src\presentation\main_window\main_window_ribbon.cpp">
      <Filter>Source Files</Filter>
    </ClCompile>
    <ClCompile Include="src\presentation\main_window\main_window_runtime_state.cpp">
      <Filter>Source Files</Filter>
    </ClCompile>
    <ClCompile Include="src\presentation\main_window\main_window_shape_picker.cpp">
      <Filter>Source Files</Filter>
    </ClCompile>
    <ClCompile Include="src\presentation\main_window\main_window_sketch.cpp">
      <Filter>Source Files</Filter>
    </ClCompile>
    <ClCompile Include="src\presentation\main_window\main_window_sketch_conic.cpp">
      <Filter>Source Files</Filter>
    </ClCompile>
    <ClCompile Include="src\presentation\main_window\main_window_sketch_creation.cpp">
      <Filter>Source Files</Filter>
    </ClCompile>
    <ClCompile Include="src\presentation\main_window\main_window_sketch_dialogs.cpp">
      <Filter>Source Files</Filter>
    </ClCompile>
    <ClCompile Include="src\presentation\main_window\main_window_sketch_edit.cpp">
      <Filter>Source Files</Filter>
    </ClCompile>
    <ClCompile Include="src\presentation\main_window\main_window_sketch_history.cpp">
      <Filter>Source Files</Filter>
    </ClCompile>
    <ClCompile Include="src\presentation\main_window\main_window_sketch_polygon_ellipse.cpp">
      <Filter>Source Files</Filter>
    </ClCompile>
    <ClCompile Include="src\presentation\main_window\main_window_sketch_preview.cpp">
      <Filter>Source Files</Filter>
    </ClCompile>
    <ClCompile Include="src\presentation\main_window\main_window_sketch_tabs.cpp">
      <Filter>Source Files</Filter>
    </ClCompile>
    <ClCompile Include="src\presentation\main_window\main_window_sketch_tools.cpp">
      <Filter>Source Files</Filter>
    </ClCompile>
    <ClCompile Include="src\presentation\main_window\main_window_undo_restore.cpp">
      <Filter>Source Files</Filter>
    </ClCompile>
    <ClCompile Include="src\viewport\mirror\mirror_view_controller.cpp">
      <Filter>Source Files</Filter>
    </ClCompile>
    <ClCompile Include="src\viewport\mirror\mirror_view_state.cpp">
      <Filter>Source Files</Filter>
    </ClCompile>
    <ClCompile Include="src\rendering\model\model_display_style.cpp">
      <Filter>Source Files</Filter>
    </ClCompile>
    <ClCompile Include="src\application\history\model_document.cpp">
      <Filter>Source Files</Filter>
    </ClCompile>
    <ClCompile Include="src\infrastructure\serialization\model_document_serializer.cpp">
      <Filter>Source Files</Filter>
    </ClCompile>
    <ClCompile Include="src\geometry\runtime\model_geometry_store.cpp">
      <Filter>Source Files</Filter>
    </ClCompile>
    <ClCompile Include="src\rendering\model\model_render_store.cpp">
      <Filter>Source Files</Filter>
    </ClCompile>
    <ClCompile Include="src\rendering\pipeline\model_shape_pipeline.cpp">
      <Filter>Source Files</Filter>
    </ClCompile>
    <ClCompile Include="src\application\history\modeling_history_index_remap.cpp">
      <Filter>Source Files</Filter>
    </ClCompile>
    <ClCompile Include="src\viewport\main_view\mouse_interactor.cpp">
      <Filter>Source Files</Filter>
    </ClCompile>
    <ClCompile Include="src\rendering\adapters\occvtkconverter.cpp">
      <Filter>Source Files</Filter>
    </ClCompile>
    <ClCompile Include="src\presentation\features\pattern\pattern_controller.cpp">
      <Filter>Source Files</Filter>
    </ClCompile>
    <ClCompile Include="src\presentation\dialogs\pattern\pattern_feature_dialog.cpp">
      <Filter>Source Files</Filter>
    </ClCompile>
    <ClCompile Include="src\geometry\pattern\pattern_geometry.cpp">
      <Filter>Source Files</Filter>
    </ClCompile>
    <ClCompile Include="src\presentation\features\pattern\pattern_interaction.cpp">
      <Filter>Source Files</Filter>
    </ClCompile>
    <ClCompile Include="src\application\commands\patterncommand.cpp">
      <Filter>Source Files</Filter>
    </ClCompile>
    <ClCompile Include="src\presentation\features\primitives\primitive_creation.cpp">
      <Filter>Source Files</Filter>
    </ClCompile>
    <ClCompile Include="src\geometry\primitives\primitive_geometry.cpp">
      <Filter>Source Files</Filter>
    </ClCompile>
    <ClCompile Include="src\geometry\primitives\primitive_shapes.cpp">
      <Filter>Source Files</Filter>
    </ClCompile>
    <ClCompile Include="src\interaction\coordinates\reference_csys_tools.cpp">
      <Filter>Source Files</Filter>
    </ClCompile>
    <ClCompile Include="src\application\commands\regeneratemodelcommand.cpp">
      <Filter>Source Files</Filter>
    </ClCompile>
    <ClCompile Include="src\rendering\pipeline\render_pipeline.cpp">
      <Filter>Source Files</Filter>
    </ClCompile>
    <ClCompile Include="src\presentation\dialogs\extrude_revolve\revolve_dialog.cpp">
      <Filter>Source Files</Filter>
    </ClCompile>
    <ClCompile Include="src\presentation\features\extrude_revolve\revolve_feature_controller.cpp">
      <Filter>Source Files</Filter>
    </ClCompile>
    <ClCompile Include="src\geometry\revolution\revolve_geometry.cpp">
      <Filter>Source Files</Filter>
    </ClCompile>
    <ClCompile Include="src\interaction\selection\selection_geometry.cpp">
      <Filter>Source Files</Filter>
    </ClCompile>
    <ClCompile Include="src\interaction\selection\shape_picker_bindings.cpp">
      <Filter>Source Files</Filter>
    </ClCompile>
    <ClCompile Include="src\rendering\model\shape_presentation_factory.cpp">
      <Filter>Source Files</Filter>
    </ClCompile>
    <ClCompile Include="src\domain\sketch\sketch.cpp">
      <Filter>Source Files</Filter>
    </ClCompile>
    <ClCompile Include="src\presentation\dialogs\sketch\sketch_conic_dialog.cpp">
      <Filter>Source Files</Filter>
    </ClCompile>
    <ClCompile Include="src\presentation\dialogs\sketch\sketch_create_dialog.cpp">
      <Filter>Source Files</Filter>
    </ClCompile>
    <ClCompile Include="src\presentation\dialogs\sketch\sketch_ellipse_dialog.cpp">
      <Filter>Source Files</Filter>
    </ClCompile>
    <ClCompile Include="src\geometry\sketch\sketch_geometry.cpp">
      <Filter>Source Files</Filter>
    </ClCompile>
    <ClCompile Include="src\presentation\dialogs\sketch\sketch_mode_dialogs.cpp">
      <Filter>Source Files</Filter>
    </ClCompile>
    <ClCompile Include="src\presentation\dialogs\sketch\sketch_polygon_dialog.cpp">
      <Filter>Source Files</Filter>
    </ClCompile>
    <ClCompile Include="src\presentation\dialogs\sketch\sketch_tool_input_dialog.cpp">
      <Filter>Source Files</Filter>
    </ClCompile>
    <ClCompile Include="src\application\commands\sketcheditcommand.cpp">
      <Filter>Source Files</Filter>
    </ClCompile>
    <ClCompile Include="src\presentation\dialogs\primitives\sphere_params_dialog.cpp">
      <Filter>Source Files</Filter>
    </ClCompile>
    <ClCompile Include="src\application\commands\updatemodelcommand.cpp">
      <Filter>Source Files</Filter>
    </ClCompile>
    <ClCompile Include="src\presentation\dialogs\tools\vector_dialog.cpp">
      <Filter>Source Files</Filter>
    </ClCompile>
    <ClCompile Include="src\interaction\tools\vector_handles.cpp">
      <Filter>Source Files</Filter>
    </ClCompile>
    <ClCompile Include="src\interaction\tools\vector_snap.cpp">
      <Filter>Source Files</Filter>
    </ClCompile>
    <ClCompile Include="src\viewport\coordinates\viewport_coordinates.cpp">
      <Filter>Source Files</Filter>
    </ClCompile>
  </ItemGroup>
  <ItemGroup>
    <CustomBuild Include="3rdparty\SARibbon\SARibbon.h">
      <Filter>Header Files</Filter>
    </CustomBuild>
    <ClInclude Include="src\application\commands\addmodelcommand.h">
      <Filter>Header Files</Filter>
    </ClInclude>
    <ClInclude Include="src\geometry\placement\axis_placement.h">
      <Filter>Header Files</Filter>
    </ClInclude>
    <ClInclude Include="src\common\axisdirection.h">
      <Filter>Header Files</Filter>
    </ClInclude>
    <CustomBuild Include="src\presentation\dialogs\boolean\bool_operation_dialog.h">
      <Filter>Header Files</Filter>
    </CustomBuild>
    <ClInclude Include="src\geometry\boolean\boolean_ops.h">
      <Filter>Header Files</Filter>
    </ClInclude>
    <ClInclude Include="src\application\commands\booleancommand.h">
      <Filter>Header Files</Filter>
    </ClInclude>
    <CustomBuild Include="src\presentation\dialogs\modification\chamfer_dialog.h">
      <Filter>Header Files</Filter>
    </CustomBuild>
    <ClInclude Include="src\application\command\command.h">
      <Filter>Header Files</Filter>
    </ClInclude>
    <ClInclude Include="src\application\history\commandmanager.h">
      <Filter>Header Files</Filter>
    </ClInclude>
    <CustomBuild Include="src\presentation\dialogs\primitives\cone_params_dialog.h">
      <Filter>Header Files</Filter>
    </CustomBuild>
    <ClInclude Include="src\presentation\main_window\coordinate_window_state.h">
      <Filter>Header Files</Filter>
    </ClInclude>
    <ClInclude Include="src\application\commands\creategeometrycommand.h">
      <Filter>Header Files</Filter>
    </ClInclude>
    <CustomBuild Include="src\presentation\dialogs\primitives\cuboid_params_dialog.h">
      <Filter>Header Files</Filter>
    </CustomBuild>
    <CustomBuild Include="src\presentation\dialogs\primitives\cylinder_dialog.h">
      <Filter>Header Files</Filter>
    </CustomBuild>
    <CustomBuild Include="src\presentation\dialogs\coordinates\datum_axis.h">
      <Filter>Header Files</Filter>
    </CustomBuild>
    <CustomBuild Include="src\presentation\dialogs\coordinates\datum_plane_dialog.h">
      <Filter>Header Files</Filter>
    </CustomBuild>
    <ClInclude Include="src\application\commands\deletemodelcommand.h">
      <Filter>Header Files</Filter>
    </ClInclude>
    <ClInclude Include="src\presentation\main_window\dialog_window_state.h">
      <Filter>Header Files</Filter>
    </ClInclude>
    <ClInclude Include="src\presentation\main_window\document_window_state.h">
      <Filter>Header Files</Filter>
    </ClInclude>
    <CustomBuild Include="src\presentation\dialogs\common\expression_dialog.h">
      <Filter>Header Files</Filter>
    </CustomBuild>
    <CustomBuild Include="src\presentation\dialogs\extrude_revolve\extrusion_dialog.h">
      <Filter>Header Files</Filter>
    </CustomBuild>
    <ClInclude Include="src\geometry\extrusion\extrusion_geometry.h">
      <Filter>Header Files</Filter>
    </ClInclude>
    <ClInclude Include="src\geometry\extrusion\extrusion_recipe.h">
      <Filter>Header Files</Filter>
    </ClInclude>
    <ClInclude Include="src\application\commands\extrusioncommand.h">
      <Filter>Header Files</Filter>
    </ClInclude>
    <ClInclude Include="src\presentation\main_window\feature_interaction_window_state.h">
      <Filter>Header Files</Filter>
    </ClInclude>
    <ClInclude Include="src\geometry\modification\feature_modification_geometry.h">
      <Filter>Header Files</Filter>
    </ClInclude>
    <ClInclude Include="src\infrastructure\serialization\feature_serializer.h">
      <Filter>Header Files</Filter>
    </ClInclude>
    <ClInclude Include="src\geometry\topology\feature_topology.h">
      <Filter>Header Files</Filter>
    </ClInclude>
    <ClInclude Include="src\domain\features\featurerecipe.h">
      <Filter>Header Files</Filter>
    </ClInclude>
    <CustomBuild Include="src\presentation\dialogs\modification\fillet_dialog.h">
      <Filter>Header Files</Filter>
    </CustomBuild>
    <ClInclude Include="src\rendering\handles\handle_geometry.h">
      <Filter>Header Files</Filter>
    </ClInclude>
    <ClInclude Include="src\interaction\handles\handle_spec.h">
      <Filter>Header Files</Filter>
    </ClInclude>
    <CustomBuild Include="src\presentation\dialogs\history\history_list_item.h">
      <Filter>Header Files</Filter>
    </CustomBuild>
    <ClInclude Include="src\rendering\model\intersection_edge_pipeline.h">
      <Filter>Header Files</Filter>
    </ClInclude>
    <ClInclude Include="src\geometry\intersection\intersection_ops.h">
      <Filter>Header Files</Filter>
    </ClInclude>
    <ClInclude Include="src\rendering\model\intersection_render_store.h">
      <Filter>Header Files</Filter>
    </ClInclude>
    <ClInclude Include="src\presentation\main_window\main_menu_builder.h">
      <Filter>Header Files</Filter>
    </ClInclude>
    <CustomBuild Include="src\presentation\main_window\main_window.h">
      <Filter>Header Files</Filter>
    </CustomBuild>
    <ClInclude Include="src\viewport\mirror\mirror_view_state.h">
      <Filter>Header Files</Filter>
    </ClInclude>
    <ClInclude Include="src\viewport\mirror\mirror_view_types.h">
      <Filter>Header Files</Filter>
    </ClInclude>
    <ClInclude Include="src\viewport\mirror\mirror_view_window.h">
      <Filter>Header Files</Filter>
    </ClInclude>
    <ClInclude Include="src\rendering\model\model_display_style.h">
      <Filter>Header Files</Filter>
    </ClInclude>
    <ClInclude Include="src\application\history\model_document.h">
      <Filter>Header Files</Filter>
    </ClInclude>
    <ClInclude Include="src\infrastructure\serialization\model_document_serializer.h">
      <Filter>Header Files</Filter>
    </ClInclude>
    <ClInclude Include="src\presentation\main_window\model_document_window_state.h">
      <Filter>Header Files</Filter>
    </ClInclude>
    <ClInclude Include="src\geometry\runtime\model_geometry_state.h">
      <Filter>Header Files</Filter>
    </ClInclude>
    <ClInclude Include="src\geometry\runtime\model_geometry_store.h">
      <Filter>Header Files</Filter>
    </ClInclude>
    <ClInclude Include="src\application\history\model_history_snapshot.h">
      <Filter>Header Files</Filter>
    </ClInclude>
    <ClInclude Include="src\rendering\model\model_render_state.h">
      <Filter>Header Files</Filter>
    </ClInclude>
    <ClInclude Include="src\rendering\model\model_render_store.h">
      <Filter>Header Files</Filter>
    </ClInclude>
    <ClInclude Include="src\rendering\model\model_rendering_window_state.h">
      <Filter>Header Files</Filter>
    </ClInclude>
    <ClInclude Include="src\rendering\pipeline\model_shape_pipeline.h">
      <Filter>Header Files</Filter>
    </ClInclude>
    <ClInclude Include="src\application\ports\modeling_command_port.h">
      <Filter>Header Files</Filter>
    </ClInclude>
    <ClInclude Include="src\application\history\modeling_history_index_remap.h">
      <Filter>Header Files</Filter>
    </ClInclude>
    <ClInclude Include="src\application\history\modeling_history_placement.h">
      <Filter>Header Files</Filter>
    </ClInclude>
    <ClInclude Include="src\application\history\modeling_history_primitives.h">
      <Filter>Header Files</Filter>
    </ClInclude>
    <ClInclude Include="src\application\history\modeling_history_record.h">
      <Filter>Header Files</Filter>
    </ClInclude>
    <ClInclude Include="src\common\modeltype.h">
      <Filter>Header Files</Filter>
    </ClInclude>
    <ClInclude Include="src\viewport\main_view\mouse_interaction_context.h">
      <Filter>Header Files</Filter>
    </ClInclude>
    <ClInclude Include="src\viewport\main_view\mouse_interactor.h">
      <Filter>Header Files</Filter>
    </ClInclude>
    <ClInclude Include="src\rendering\adapters\occvtkconverter.h">
      <Filter>Header Files</Filter>
    </ClInclude>
    <CustomBuild Include="src\presentation\dialogs\pattern\pattern_feature_dialog.h">
      <Filter>Header Files</Filter>
    </CustomBuild>
    <ClInclude Include="src\geometry\pattern\pattern_geometry.h">
      <Filter>Header Files</Filter>
    </ClInclude>
    <ClInclude Include="src\presentation\main_window\pattern_window_state.h">
      <Filter>Header Files</Filter>
    </ClInclude>
    <ClInclude Include="src\application\commands\patterncommand.h">
      <Filter>Header Files</Filter>
    </ClInclude>
    <ClInclude Include="src\domain\features\patternfeaturetypes.h">
      <Filter>Header Files</Filter>
    </ClInclude>
    <ClInclude Include="src\geometry\math\platformmath.h">
      <Filter>Header Files</Filter>
    </ClInclude>
    <ClInclude Include="src\geometry\primitives\primitive.h">
      <Filter>Header Files</Filter>
    </ClInclude>
    <ClInclude Include="src\geometry\primitives\primitive_build_request.h">
      <Filter>Header Files</Filter>
    </ClInclude>
    <ClInclude Include="src\geometry\primitives\primitive_geometry.h">
      <Filter>Header Files</Filter>
    </ClInclude>
    <ClInclude Include="src\presentation\main_window\primitive_interaction_window_state.h">
      <Filter>Header Files</Filter>
    </ClInclude>
    <ClInclude Include="src\geometry\primitives\primitive_shapes.h">
      <Filter>Header Files</Filter>
    </ClInclude>
    <ClInclude Include="src\application\commands\regeneratemodelcommand.h">
      <Filter>Header Files</Filter>
    </ClInclude>
    <ClInclude Include="src\rendering\pipeline\render_pipeline.h">
      <Filter>Header Files</Filter>
    </ClInclude>
    <CustomBuild Include="src\presentation\dialogs\extrude_revolve\revolve_dialog.h">
      <Filter>Header Files</Filter>
    </CustomBuild>
    <ClInclude Include="src\geometry\revolution\revolve_geometry.h">
      <Filter>Header Files</Filter>
    </ClInclude>
    <ClInclude Include="src\presentation\main_window\ribbon_window_state.h">
      <Filter>Header Files</Filter>
    </ClInclude>
    <ClInclude Include="src\interaction\selection\selection_geometry.h">
      <Filter>Header Files</Filter>
    </ClInclude>
    <ClInclude Include="src\interaction\selection\selection_window_state.h">
      <Filter>Header Files</Filter>
    </ClInclude>
    <ClInclude Include="src\interaction\selection\shape_picker_binding_service.h">
      <Filter>Header Files</Filter>
    </ClInclude>
    <ClInclude Include="src\rendering\model\shape_presentation_factory.h">
      <Filter>Header Files</Filter>
    </ClInclude>
    <ClInclude Include="src\domain\sketch\sketch.h">
      <Filter>Header Files</Filter>
    </ClInclude>
    <CustomBuild Include="src\presentation\dialogs\sketch\sketch_conic_dialog.h">
      <Filter>Header Files</Filter>
    </CustomBuild>
    <CustomBuild Include="src\presentation\dialogs\sketch\sketch_create_dialog.h">
      <Filter>Header Files</Filter>
    </CustomBuild>
    <CustomBuild Include="src\presentation\dialogs\sketch\sketch_ellipse_dialog.h">
      <Filter>Header Files</Filter>
    </CustomBuild>
    <ClInclude Include="src\geometry\sketch\sketch_geometry.h">
      <Filter>Header Files</Filter>
    </ClInclude>
    <CustomBuild Include="src\presentation\dialogs\sketch\sketch_mode_dialogs.h">
      <Filter>Header Files</Filter>
    </CustomBuild>
    <CustomBuild Include="src\presentation\dialogs\sketch\sketch_polygon_dialog.h">
      <Filter>Header Files</Filter>
    </CustomBuild>
    <CustomBuild Include="src\presentation\dialogs\sketch\sketch_tool_input_dialog.h">
      <Filter>Header Files</Filter>
    </CustomBuild>
    <ClInclude Include="src\presentation\main_window\sketch_window_state.h">
      <Filter>Header Files</Filter>
    </ClInclude>
    <ClInclude Include="src\application\commands\sketcheditcommand.h">
      <Filter>Header Files</Filter>
    </ClInclude>
    <CustomBuild Include="src\presentation\dialogs\primitives\sphere_params_dialog.h">
      <Filter>Header Files</Filter>
    </CustomBuild>
    <ClInclude Include="src\geometry\topology\sub_shape_reference.h">
      <Filter>Header Files</Filter>
    </ClInclude>
    <ClInclude Include="src\presentation\dialogs\ui_bool_operation_dialog.h">
      <Filter>Header Files</Filter>
    </ClInclude>
    <ClInclude Include="src\presentation\dialogs\ui_chamfer_dialog.h">
      <Filter>Header Files</Filter>
    </ClInclude>
    <ClInclude Include="src\presentation\dialogs\ui_cone_params_dialog.h">
      <Filter>Header Files</Filter>
    </ClInclude>
    <ClInclude Include="src\presentation\dialogs\ui_cuboid_params_dialog.h">
      <Filter>Header Files</Filter>
    </ClInclude>
    <ClInclude Include="src\presentation\dialogs\ui_cylinder_dialog.h">
      <Filter>Header Files</Filter>
    </ClInclude>
    <ClInclude Include="src\presentation\dialogs\ui_datum_plane_dialog.h">
      <Filter>Header Files</Filter>
    </ClInclude>
    <ClInclude Include="src\presentation\dialogs\ui_expression_dialog.h">
      <Filter>Header Files</Filter>
    </ClInclude>
    <ClInclude Include="src\presentation\dialogs\ui_extrusion_dialog.h">
      <Filter>Header Files</Filter>
    </ClInclude>
    <ClInclude Include="src\presentation\dialogs\ui_fillet_dialog.h">
      <Filter>Header Files</Filter>
    </ClInclude>
    <ClInclude Include="src\presentation\dialogs\ui_history_list_item.h">
      <Filter>Header Files</Filter>
    </ClInclude>
    <ClInclude Include="src\presentation\dialogs\ui_main_window.h">
      <Filter>Header Files</Filter>
    </ClInclude>
    <ClInclude Include="src\presentation\dialogs\ui_revolve_dialog.h">
      <Filter>Header Files</Filter>
    </ClInclude>
    <ClInclude Include="src\presentation\dialogs\ui_sketch_create_dialog.h">
      <Filter>Header Files</Filter>
    </ClInclude>
    <ClInclude Include="src\presentation\dialogs\ui_sketch_tool_input_dialog.h">
      <Filter>Header Files</Filter>
    </ClInclude>
    <ClInclude Include="src\presentation\dialogs\ui_sphere_params_dialog.h">
      <Filter>Header Files</Filter>
    </ClInclude>
    <ClInclude Include="src\presentation\dialogs\ui_vector_dialog.h">
      <Filter>Header Files</Filter>
    </ClInclude>
    <ClInclude Include="src\application\commands\updatemodelcommand.h">
      <Filter>Header Files</Filter>
    </ClInclude>
    <CustomBuild Include="src\presentation\dialogs\tools\vector_dialog.h">
      <Filter>Header Files</Filter>
    </CustomBuild>
    <ClInclude Include="src\presentation\main_window\vector_snap_window_state.h">
      <Filter>Header Files</Filter>
    </ClInclude>
    <ClInclude Include="src\viewport\main_view\view_navigation_window_state.h">
      <Filter>Header Files</Filter>
    </ClInclude>
    <ClInclude Include="src\viewport\main_view\viewport_window_state.h">
      <Filter>Header Files</Filter>
    </ClInclude>
  </ItemGroup>
  <ItemGroup>
    <ClCompile Include="debug\moc_SARibbon.cpp">
      <Filter>Generated Files</Filter>
    </ClCompile>
    <ClCompile Include="release\moc_SARibbon.cpp">
      <Filter>Generated Files</Filter>
    </ClCompile>
    <ClCompile Include="debug\moc_bool_operation_dialog.cpp">
      <Filter>Generated Files</Filter>
    </ClCompile>
    <ClCompile Include="release\moc_bool_operation_dialog.cpp">
      <Filter>Generated Files</Filter>
    </ClCompile>
    <ClCompile Include="debug\moc_chamfer_dialog.cpp">
      <Filter>Generated Files</Filter>
    </ClCompile>
    <ClCompile Include="release\moc_chamfer_dialog.cpp">
      <Filter>Generated Files</Filter>
    </ClCompile>
    <ClCompile Include="debug\moc_cone_params_dialog.cpp">
      <Filter>Generated Files</Filter>
    </ClCompile>
    <ClCompile Include="release\moc_cone_params_dialog.cpp">
      <Filter>Generated Files</Filter>
    </ClCompile>
    <ClCompile Include="debug\moc_cuboid_params_dialog.cpp">
      <Filter>Generated Files</Filter>
    </ClCompile>
    <ClCompile Include="release\moc_cuboid_params_dialog.cpp">
      <Filter>Generated Files</Filter>
    </ClCompile>
    <ClCompile Include="debug\moc_cylinder_dialog.cpp">
      <Filter>Generated Files</Filter>
    </ClCompile>
    <ClCompile Include="release\moc_cylinder_dialog.cpp">
      <Filter>Generated Files</Filter>
    </ClCompile>
    <ClCompile Include="debug\moc_datum_axis.cpp">
      <Filter>Generated Files</Filter>
    </ClCompile>
    <ClCompile Include="release\moc_datum_axis.cpp">
      <Filter>Generated Files</Filter>
    </ClCompile>
    <ClCompile Include="debug\moc_datum_plane_dialog.cpp">
      <Filter>Generated Files</Filter>
    </ClCompile>
    <ClCompile Include="release\moc_datum_plane_dialog.cpp">
      <Filter>Generated Files</Filter>
    </ClCompile>
    <ClCompile Include="debug\moc_expression_dialog.cpp">
      <Filter>Generated Files</Filter>
    </ClCompile>
    <ClCompile Include="release\moc_expression_dialog.cpp">
      <Filter>Generated Files</Filter>
    </ClCompile>
    <ClCompile Include="debug\moc_extrusion_dialog.cpp">
      <Filter>Generated Files</Filter>
    </ClCompile>
    <ClCompile Include="release\moc_extrusion_dialog.cpp">
      <Filter>Generated Files</Filter>
    </ClCompile>
    <ClCompile Include="debug\moc_fillet_dialog.cpp">
      <Filter>Generated Files</Filter>
    </ClCompile>
    <ClCompile Include="release\moc_fillet_dialog.cpp">
      <Filter>Generated Files</Filter>
    </ClCompile>
    <ClCompile Include="debug\moc_history_list_item.cpp">
      <Filter>Generated Files</Filter>
    </ClCompile>
    <ClCompile Include="release\moc_history_list_item.cpp">
      <Filter>Generated Files</Filter>
    </ClCompile>
    <ClCompile Include="debug\moc_main_window.cpp">
      <Filter>Generated Files</Filter>
    </ClCompile>
    <ClCompile Include="release\moc_main_window.cpp">
      <Filter>Generated Files</Filter>
    </ClCompile>
    <ClCompile Include="debug\moc_pattern_feature_dialog.cpp">
      <Filter>Generated Files</Filter>
    </ClCompile>
    <ClCompile Include="release\moc_pattern_feature_dialog.cpp">
      <Filter>Generated Files</Filter>
    </ClCompile>
    <CustomBuild Include="debug\moc_predefs.h.cbt">
      <Filter>Generated Files</Filter>
    </CustomBuild>
    <CustomBuild Include="release\moc_predefs.h.cbt">
      <Filter>Generated Files</Filter>
    </CustomBuild>
    <ClCompile Include="debug\moc_revolve_dialog.cpp">
      <Filter>Generated Files</Filter>
    </ClCompile>
    <ClCompile Include="release\moc_revolve_dialog.cpp">
      <Filter>Generated Files</Filter>
    </ClCompile>
    <ClCompile Include="debug\moc_sketch_conic_dialog.cpp">
      <Filter>Generated Files</Filter>
    </ClCompile>
    <ClCompile Include="release\moc_sketch_conic_dialog.cpp">
      <Filter>Generated Files</Filter>
    </ClCompile>
    <ClCompile Include="debug\moc_sketch_create_dialog.cpp">
      <Filter>Generated Files</Filter>
    </ClCompile>
    <ClCompile Include="release\moc_sketch_create_dialog.cpp">
      <Filter>Generated Files</Filter>
    </ClCompile>
    <ClCompile Include="debug\moc_sketch_ellipse_dialog.cpp">
      <Filter>Generated Files</Filter>
    </ClCompile>
    <ClCompile Include="release\moc_sketch_ellipse_dialog.cpp">
      <Filter>Generated Files</Filter>
    </ClCompile>
    <ClCompile Include="debug\moc_sketch_mode_dialogs.cpp">
      <Filter>Generated Files</Filter>
    </ClCompile>
    <ClCompile Include="release\moc_sketch_mode_dialogs.cpp">
      <Filter>Generated Files</Filter>
    </ClCompile>
    <ClCompile Include="debug\moc_sketch_polygon_dialog.cpp">
      <Filter>Generated Files</Filter>
    </ClCompile>
    <ClCompile Include="release\moc_sketch_polygon_dialog.cpp">
      <Filter>Generated Files</Filter>
    </ClCompile>
    <ClCompile Include="debug\moc_sketch_tool_input_dialog.cpp">
      <Filter>Generated Files</Filter>
    </ClCompile>
    <ClCompile Include="release\moc_sketch_tool_input_dialog.cpp">
      <Filter>Generated Files</Filter>
    </ClCompile>
    <ClCompile Include="debug\moc_sphere_params_dialog.cpp">
      <Filter>Generated Files</Filter>
    </ClCompile>
    <ClCompile Include="release\moc_sphere_params_dialog.cpp">
      <Filter>Generated Files</Filter>
    </ClCompile>
    <ClCompile Include="debug\moc_vector_dialog.cpp">
      <Filter>Generated Files</Filter>
    </ClCompile>
    <ClCompile Include="release\moc_vector_dialog.cpp">
      <Filter>Generated Files</Filter>
    </ClCompile>
    <ClCompile Include="debug\qrc_resources.cpp">
      <Filter>Generated Files</Filter>
    </ClCompile>
    <ClCompile Include="release\qrc_resources.cpp">
      <Filter>Generated Files</Filter>
    </ClCompile>
    <ClInclude Include="ui_bool_operation_dialog.h">
      <Filter>Generated Files</Filter>
    </ClInclude>
    <ClInclude Include="ui_chamfer_dialog.h">
      <Filter>Generated Files</Filter>
    </ClInclude>
    <ClInclude Include="ui_cone_params_dialog.h">
      <Filter>Generated Files</Filter>
    </ClInclude>
    <ClInclude Include="ui_cuboid_params_dialog.h">
      <Filter>Generated Files</Filter>
    </ClInclude>
    <ClInclude Include="ui_cylinder_dialog.h">
      <Filter>Generated Files</Filter>
    </ClInclude>
    <ClInclude Include="ui_datum_plane_dialog.h">
      <Filter>Generated Files</Filter>
    </ClInclude>
    <ClInclude Include="ui_expression_dialog.h">
      <Filter>Generated Files</Filter>
    </ClInclude>
    <ClInclude Include="ui_extrusion_dialog.h">
      <Filter>Generated Files</Filter>
    </ClInclude>
    <ClInclude Include="ui_fillet_dialog.h">
      <Filter>Generated Files</Filter>
    </ClInclude>
    <ClInclude Include="ui_history_list_item.h">
      <Filter>Generated Files</Filter>
    </ClInclude>
    <ClInclude Include="ui_main_window.h">
      <Filter>Generated Files</Filter>
    </ClInclude>
    <ClInclude Include="ui_revolve_dialog.h">
      <Filter>Generated Files</Filter>
    </ClInclude>
    <ClInclude Include="ui_sketch_create_dialog.h">
      <Filter>Generated Files</Filter>
    </ClInclude>
    <ClInclude Include="ui_sketch_tool_input_dialog.h">
      <Filter>Generated Files</Filter>
    </ClInclude>
    <ClInclude Include="ui_sphere_params_dialog.h">
      <Filter>Generated Files</Filter>
    </ClInclude>
    <ClInclude Include="ui_vector_dialog.h">
      <Filter>Generated Files</Filter>
    </ClInclude>
  </ItemGroup>
  <ItemGroup>
    <CustomBuild Include="src\presentation\dialogs\boolean\bool_operation_dialog.ui">
      <Filter>Form Files</Filter>
    </CustomBuild>
    <CustomBuild Include="src\presentation\dialogs\modification\chamfer_dialog.ui">
      <Filter>Form Files</Filter>
    </CustomBuild>
    <CustomBuild Include="src\presentation\dialogs\primitives\cone_params_dialog.ui">
      <Filter>Form Files</Filter>
    </CustomBuild>
    <CustomBuild Include="src\presentation\dialogs\primitives\cuboid_params_dialog.ui">
      <Filter>Form Files</Filter>
    </CustomBuild>
    <CustomBuild Include="src\presentation\dialogs\primitives\cylinder_dialog.ui">
      <Filter>Form Files</Filter>
    </CustomBuild>
    <CustomBuild Include="src\presentation\dialogs\coordinates\datum_plane_dialog.ui">
      <Filter>Form Files</Filter>
    </CustomBuild>
    <CustomBuild Include="src\presentation\dialogs\common\expression_dialog.ui">
      <Filter>Form Files</Filter>
    </CustomBuild>
    <CustomBuild Include="src\presentation\dialogs\extrude_revolve\extrusion_dialog.ui">
      <Filter>Form Files</Filter>
    </CustomBuild>
    <CustomBuild Include="src\presentation\dialogs\modification\fillet_dialog.ui">
      <Filter>Form Files</Filter>
    </CustomBuild>
    <CustomBuild Include="src\presentation\dialogs\history\history_list_item.ui">
      <Filter>Form Files</Filter>
    </CustomBuild>
    <CustomBuild Include="src\presentation\main_window\main_window.ui">
      <Filter>Form Files</Filter>
    </CustomBuild>
    <CustomBuild Include="src\presentation\dialogs\extrude_revolve\revolve_dialog.ui">
      <Filter>Form Files</Filter>
    </CustomBuild>
    <CustomBuild Include="src\presentation\dialogs\sketch\sketch_create_dialog.ui">
      <Filter>Form Files</Filter>
    </CustomBuild>
    <CustomBuild Include="src\presentation\dialogs\sketch\sketch_tool_input_dialog.ui">
      <Filter>Form Files</Filter>
    </CustomBuild>
    <CustomBuild Include="src\presentation\dialogs\primitives\sphere_params_dialog.ui">
      <Filter>Form Files</Filter>
    </CustomBuild>
    <CustomBuild Include="src\presentation\dialogs\tools\vector_dialog.ui">
      <Filter>Form Files</Filter>
    </CustomBuild>
  </ItemGroup>
  <ItemGroup>
    <None Include="resource\Contour.png">
      <Filter>Resource Files</Filter>
    </None>
    <None Include="resource\NewWindow.png">
      <Filter>Resource Files</Filter>
    </None>
    <None Include="resource\Open.png">
      <Filter>Resource Files</Filter>
    </None>
    <None Include="resource\Save.png">
      <Filter>Resource Files</Filter>
    </None>
    <None Include="resource\Window.png">
      <Filter>Resource Files</Filter>
    </None>
    <None Include="resource\capture.png">
      <Filter>Resource Files</Filter>
    </None>
    <None Include="resource\capture_arc_center_point.png">
      <Filter>Resource Files</Filter>
    </None>
    <None Include="resource\capture_clear.png">
      <Filter>Resource Files</Filter>
    </None>
    <None Include="resource\capture_closed.png">
      <Filter>Resource Files</Filter>
    </None>
    <None Include="resource\capture_endpoint.png">
      <Filter>Resource Files</Filter>
    </None>
    <None Include="resource\capture_intersection_point.png">
      <Filter>Resource Files</Filter>
    </None>
    <None Include="resource\capture_midpoint.png">
      <Filter>Resource Files</Filter>
    </None>
    <None Include="resource\capture_quadrant_point.png">
      <Filter>Resource Files</Filter>
    </None>
    <None Include="resource\cone.png">
      <Filter>Resource Files</Filter>
    </None>
    <None Include="resource\cone_color.png">
      <Filter>Resource Files</Filter>
    </None>
    <None Include="resource\control_point.png">
      <Filter>Resource Files</Filter>
    </None>
    <None Include="resource\cuboid.png">
      <Filter>Resource Files</Filter>
    </None>
    <None Include="resource\cuboid_color.png">
      <Filter>Resource Files</Filter>
    </None>
    <None Include="resource\cylinder.png">
      <Filter>Resource Files</Filter>
    </None>
    <None Include="resource\cylinder_color.png">
      <Filter>Resource Files</Filter>
    </None>
    <None Include="resource\defined_point.png">
      <Filter>Resource Files</Filter>
    </None>
    <None Include="resource\exist_point.png">
      <Filter>Resource Files</Filter>
    </None>
    <None Include="resource\polar_point.png">
      <Filter>Resource Files</Filter>
    </None>
    <None Include="resource\redo.png">
      <Filter>Resource Files</Filter>
    </None>
    <CustomBuild Include="resource\resources.qrc">
      <Filter>Resource Files</Filter>
    </CustomBuild>
    <None Include="resource\sketch_arc.png">
      <Filter>Resource Files</Filter>
    </None>
    <None Include="resource\sketch_circle.png">
      <Filter>Resource Files</Filter>
    </None>
    <None Include="resource\sketch_cuboid.png">
      <Filter>Resource Files</Filter>
    </None>
    <None Include="resource\sketch_line.png">
      <Filter>Resource Files</Filter>
    </None>
    <None Include="resource\sketch_point.png">
      <Filter>Resource Files</Filter>
    </None>
    <None Include="resource\sphere.png">
      <Filter>Resource Files</Filter>
    </None>
    <None Include="resource\sphere_color.png">
      <Filter>Resource Files</Filter>
    </None>
    <None Include="resource\undo.png">
      <Filter>Resource Files</Filter>
    </None>
  </ItemGroup>
  <ItemGroup>
    <None Include="resource\Contour.png">
      <Filter>Distribution Files</Filter>
    </None>
    <None Include="resource\sketch_arc.png">
      <Filter>Distribution Files</Filter>
    </None>
    <None Include="resource\sketch_circle.png">
      <Filter>Distribution Files</Filter>
    </None>
    <None Include="resource\sketch_cuboid.png">
      <Filter>Distribution Files</Filter>
    </None>
    <None Include="resource\sketch_line.png">
      <Filter>Distribution Files</Filter>
    </None>
    <None Include="resource\sketch_point.png">
      <Filter>Distribution Files</Filter>
    </None>
  </ItemGroup>
</Project>