<?xml version="1.0" encoding="utf-8"?>
<Project xmlns="http://schemas.microsoft.com/developer/msbuild/2003">
  <ItemGroup>
    <Filter Include="controller">
      <UniqueIdentifier>{1A9237E6-68DA-4B89-9C50-2B0C6CE89D01}</UniqueIdentifier>
      <Extensions>cpp;c;cxx;h;hpp;hxx</Extensions>
    </Filter>
    <Filter Include="core">
      <UniqueIdentifier>{75D63F2E-2C3C-47CE-9F91-D53D0AE21B1F}</UniqueIdentifier>
      <Extensions>cpp;c;cxx;h;hpp;hxx</Extensions>
    </Filter>
    <Filter Include="view">
      <UniqueIdentifier>{F40C848A-B876-48BB-8B26-9B4F5D75EA64}</UniqueIdentifier>
      <Extensions>cpp;c;cxx;h;hpp;hxx;ui</Extensions>
    </Filter>
    <Filter Include="3rdparty">
      <UniqueIdentifier>{B6B90F7F-9C2F-4E0D-B2EB-4C13E3466680}</UniqueIdentifier>
      <Extensions>cpp;c;cxx;h;hpp;hxx</Extensions>
    </Filter>
    <Filter Include="3rdparty\SARibbon">
      <UniqueIdentifier>{0ED4C28F-81AE-4720-96D5-B72F4E781EBC}</UniqueIdentifier>
      <Extensions>cpp;c;cxx;h;hpp;hxx</Extensions>
    </Filter>
    <Filter Include="resource">
      <UniqueIdentifier>{46E9D6E8-F8AF-4F1E-B04B-80ECBC20BA3E}</UniqueIdentifier>
      <Extensions>qrc;png;ico;bmp;jpg;jpeg;svg</Extensions>
    </Filter>
    <Filter Include="Generated Files">
      <UniqueIdentifier>{71ED8ED8-ACB9-4CE9-BBE1-E00B30144E11}</UniqueIdentifier>
      <Extensions>cpp;c;cxx;moc;h;def;odl;idl;res</Extensions>
    </Filter>
    <Filter Include="model">
      <UniqueIdentifier>{4B4A268B-610C-4382-9F2A-AD92EA89EB71}</UniqueIdentifier>
      <Extensions>cpp;c;cxx;h;hpp;hxx</Extensions>
    </Filter>
  </ItemGroup>
  <ItemGroup>
    <ClCompile Include="controller\addmodelcommand.cpp">
      <Filter>controller</Filter>
    </ClCompile>
    <ClCompile Include="controller\booleancommand.cpp">
      <Filter>controller</Filter>
    </ClCompile>
    <ClCompile Include="controller\command.cpp">
      <Filter>controller</Filter>
    </ClCompile>
    <ClCompile Include="view\bool_operation_dialog.cpp">
      <Filter>view</Filter>
    </ClCompile>
    <ClCompile Include="view\chamfer_dialog.cpp">
      <Filter>view</Filter>
    </ClCompile>
    <ClCompile Include="view\cone_params_dialog.cpp">
      <Filter>view</Filter>
    </ClCompile>
    <ClCompile Include="controller\creategeometrycommand.cpp">
      <Filter>controller</Filter>
    </ClCompile>
    <ClCompile Include="view\cuboid_params_dialog.cpp">
      <Filter>view</Filter>
    </ClCompile>
    <ClCompile Include="view\cylinder_dialog.cpp">
      <Filter>view</Filter>
    </ClCompile>
    <ClCompile Include="controller\commandmanager.cpp">
      <Filter>controller</Filter>
    </ClCompile>
    <ClCompile Include="view\datum_plane_dialog.cpp">
      <Filter>view</Filter>
    </ClCompile>
    <ClCompile Include="controller\deletemodelcommand.cpp">
      <Filter>controller</Filter>
    </ClCompile>
    <ClCompile Include="view\expression_dialog.cpp">
      <Filter>view</Filter>
    </ClCompile>
    <ClCompile Include="controller\extrusioncommand.cpp">
      <Filter>controller</Filter>
    </ClCompile>
    <ClCompile Include="view\extrusion_dialog.cpp">
      <Filter>view</Filter>
    </ClCompile>
    <ClCompile Include="view\fillet_dialog.cpp">
      <Filter>view</Filter>
    </ClCompile>
    <ClCompile Include="view\history_list_item.cpp">
      <Filter>view</Filter>
    </ClCompile>
    <ClCompile Include="view\main.cpp">
      <Filter>view</Filter>
    </ClCompile>
    <ClCompile Include="model\modeldocument.cpp">
      <Filter>model</Filter>
    </ClCompile>
    <ClCompile Include="core\occvtkconverter.cpp">
      <Filter>core</Filter>
    </ClCompile>
    <ClCompile Include="core\boolean_ops.cpp">
      <Filter>core</Filter>
    </ClCompile>
    <ClCompile Include="core\extrusion_geometry.cpp">
      <Filter>core</Filter>
    </ClCompile>
    <ClCompile Include="core\feature_modification_geometry.cpp">
      <Filter>core</Filter>
    </ClCompile>
    <ClCompile Include="core\selection_geometry.cpp">
      <Filter>core</Filter>
    </ClCompile>
    <ClCompile Include="core\primitive_geometry.cpp">
      <Filter>core</Filter>
    </ClCompile>
    <ClCompile Include="core\extrusion_recipe.cpp">
      <Filter>core</Filter>
    </ClCompile>
    <ClCompile Include="core\pattern_geometry.cpp">
      <Filter>core</Filter>
    </ClCompile>
    <ClCompile Include="core\revolve_geometry.cpp">
      <Filter>core</Filter>
    </ClCompile>
    <ClCompile Include="core\sketch_geometry.cpp">
      <Filter>core</Filter>
    </ClCompile>
    <ClCompile Include="view\revolve_dialog.cpp">
      <Filter>view</Filter>
    </ClCompile>
    <ClCompile Include="model\sketch.cpp">
      <Filter>model</Filter>
    </ClCompile>
    <ClCompile Include="view\sketch_create_dialog.cpp">
      <Filter>view</Filter>
    </ClCompile>
    <ClCompile Include="view\sketch_tool_input_dialog.cpp">
      <Filter>view</Filter>
    </ClCompile>
    <ClCompile Include="view\sphere_params_dialog.cpp">
      <Filter>view</Filter>
    </ClCompile>
    <ClCompile Include="view\vector_dialog.cpp">
      <Filter>view</Filter>
    </ClCompile>
    <ClCompile Include="controller\updatemodelcommand.cpp">
      <Filter>controller</Filter>
    </ClCompile>
    <ClCompile Include="controller\sketcheditcommand.cpp">
      <Filter>controller</Filter>
    </ClCompile>
    <ClCompile Include="controller\patterncommand.cpp">
      <Filter>controller</Filter>
    </ClCompile>
    <ClCompile Include="controller\regeneratemodelcommand.cpp">
      <Filter>controller</Filter>
    </ClCompile>
    <ClCompile Include="view\main_window.cpp">
      <Filter>view</Filter>
    </ClCompile>
    <ClCompile Include="view\main_window_extrusion_face_selection.cpp">
      <Filter>view</Filter>
    </ClCompile>
    <ClCompile Include="view\datum_axis.cpp">
      <Filter>view</Filter>
    </ClCompile>
    <ClCompile Include="view\main_menu_builder.cpp">
      <Filter>view</Filter>
    </ClCompile>
    <ClCompile Include="view\main_window_boolean.cpp">
      <Filter>view</Filter>
    </ClCompile>
    <ClCompile Include="view\main_window_cuboid_interaction.cpp">
      <Filter>view</Filter>
    </ClCompile>
    <ClCompile Include="view\main_window_datum.cpp">
      <Filter>view</Filter>
    </ClCompile>
    <ClCompile Include="view\main_window_document.cpp">
      <Filter>view</Filter>
    </ClCompile>
    <ClCompile Include="view\main_window_events.cpp">
      <Filter>view</Filter>
    </ClCompile>
    <ClCompile Include="view\main_window_extrude_revolve_interaction.cpp">
      <Filter>view</Filter>
    </ClCompile>
    <ClCompile Include="view\main_window_extrusion.cpp">
      <Filter>view</Filter>
    </ClCompile>
    <ClCompile Include="view\main_window_feature_regeneration.cpp">
      <Filter>view</Filter>
    </ClCompile>
    <ClCompile Include="view\main_window_feature_tree.cpp">
      <Filter>view</Filter>
    </ClCompile>
    <ClCompile Include="view\main_window_fillet_chamfer.cpp">
      <Filter>view</Filter>
    </ClCompile>
    <ClCompile Include="view\main_window_history_highlight.cpp">
      <Filter>view</Filter>
    </ClCompile>
    <ClCompile Include="view\main_window_history_snapshot.cpp">
      <Filter>view</Filter>
    </ClCompile>
    <ClCompile Include="view\main_window_mirror_view.cpp">
      <Filter>view</Filter>
    </ClCompile>
    <ClCompile Include="view\main_window_model_regeneration.cpp">
      <Filter>view</Filter>
    </ClCompile>
    <ClCompile Include="view\main_window_mouse_interactor.cpp">
      <Filter>view</Filter>
    </ClCompile>
    <ClCompile Include="view\main_window_occ_shape.cpp">
      <Filter>view</Filter>
    </ClCompile>
    <ClCompile Include="view\main_window_pattern.cpp">
      <Filter>view</Filter>
    </ClCompile>
    <ClCompile Include="view\main_window_pattern_interaction.cpp">
      <Filter>view</Filter>
    </ClCompile>
    <ClCompile Include="view\main_window_primitives.cpp">
      <Filter>view</Filter>
    </ClCompile>
    <ClCompile Include="view\main_window_reference_csys.cpp">
      <Filter>view</Filter>
    </ClCompile>
    <ClCompile Include="view\main_window_revolve.cpp">
      <Filter>view</Filter>
    </ClCompile>
    <ClCompile Include="view\main_window_ribbon.cpp">
      <Filter>view</Filter>
    </ClCompile>
    <ClCompile Include="view\main_window_sketch.cpp">
      <Filter>view</Filter>
    </ClCompile>
    <ClCompile Include="view\main_window_undo_restore.cpp">
      <Filter>view</Filter>
    </ClCompile>
    <ClCompile Include="view\main_window_vector_handles.cpp">
      <Filter>view</Filter>
    </ClCompile>
    <ClCompile Include="view\main_window_vector_snap.cpp">
      <Filter>view</Filter>
    </ClCompile>
    <ClCompile Include="view\main_window_vtk_click.cpp">
      <Filter>view</Filter>
    </ClCompile>
    <ClCompile Include="view\main_window_vtk_view.cpp">
      <Filter>view</Filter>
    </ClCompile>
    <ClCompile Include="view\mirror_view_state.cpp">
      <Filter>view</Filter>
    </ClCompile>
    <ClCompile Include="view\pattern_feature_dialog.cpp">
      <Filter>view</Filter>
    </ClCompile>
    <ClCompile Include="view\sketch_conic_dialog.cpp">
      <Filter>view</Filter>
    </ClCompile>
    <ClCompile Include="view\sketch_ellipse_dialog.cpp">
      <Filter>view</Filter>
    </ClCompile>
    <ClCompile Include="view\sketch_mode_dialogs.cpp">
      <Filter>view</Filter>
    </ClCompile>
    <ClCompile Include="view\sketch_polygon_dialog.cpp">
      <Filter>view</Filter>
    </ClCompile>
    <ClCompile Include="core\feature_topology.cpp">
      <Filter>core</Filter>
    </ClCompile>
    <ClCompile Include="core\handle_geometry.cpp">
      <Filter>core</Filter>
    </ClCompile>
    <ClCompile Include="core\handle_spec.cpp">
      <Filter>core</Filter>
    </ClCompile>
    <ClCompile Include="model\featurerecipe_io.cpp">
      <Filter>model</Filter>
    </ClCompile>
    <ClCompile Include="3rdparty\SARibbon\SARibbon.cpp">
      <Filter>3rdparty\SARibbon</Filter>
    </ClCompile>
  </ItemGroup>
  <ItemGroup>
    <ClInclude Include="model\axisdirection.h">
      <Filter>model</Filter>
    </ClInclude>
    <ClInclude Include="model\featurerecipe.h">
      <Filter>model</Filter>
    </ClInclude>
    <ClInclude Include="model\featurerecipe_io.h">
      <Filter>model</Filter>
    </ClInclude>
    <ClInclude Include="model\modelhistorysnapshot.h">
      <Filter>model</Filter>
    </ClInclude>
    <ClInclude Include="model\modelinghistory.h">
      <Filter>model</Filter>
    </ClInclude>
    <ClInclude Include="controller\addmodelcommand.h">
      <Filter>controller</Filter>
    </ClInclude>
    <ClInclude Include="controller\booleancommand.h">
      <Filter>controller</Filter>
    </ClInclude>
    <QtMoc Include="view\bool_operation_dialog.h">
      <Filter>view</Filter>
    </QtMoc>
    <QtMoc Include="view\chamfer_dialog.h">
      <Filter>view</Filter>
    </QtMoc>
    <ClInclude Include="controller\command.h">
      <Filter>controller</Filter>
    </ClInclude>
    <ClInclude Include="controller\commandmanager.h">
      <Filter>controller</Filter>
    </ClInclude>
    <ClInclude Include="controller\commandcontext.h">
      <Filter>controller</Filter>
    </ClInclude>
    <QtMoc Include="view\cone_params_dialog.h">
      <Filter>view</Filter>
    </QtMoc>
    <ClInclude Include="controller\creategeometrycommand.h">
      <Filter>controller</Filter>
    </ClInclude>
    <QtMoc Include="view\cuboid_params_dialog.h">
      <Filter>view</Filter>
    </QtMoc>
    <QtMoc Include="view\cylinder_dialog.h">
      <Filter>view</Filter>
    </QtMoc>
    <QtMoc Include="view\datum_plane_dialog.h">
      <Filter>view</Filter>
    </QtMoc>
    <ClInclude Include="controller\deletemodelcommand.h">
      <Filter>controller</Filter>
    </ClInclude>
    <QtMoc Include="view\expression_dialog.h">
      <Filter>view</Filter>
    </QtMoc>
    <ClInclude Include="controller\extrusioncommand.h">
      <Filter>controller</Filter>
    </ClInclude>
    <QtMoc Include="view\extrusion_dialog.h">
      <Filter>view</Filter>
    </QtMoc>
    <QtMoc Include="view\fillet_dialog.h">
      <Filter>view</Filter>
    </QtMoc>
    <QtMoc Include="view\history_list_item.h">
      <Filter>view</Filter>
    </QtMoc>
    <ClInclude Include="model\modeldocument.h">
      <Filter>model</Filter>
    </ClInclude>
    <ClInclude Include="model\modeltype.h">
      <Filter>model</Filter>
    </ClInclude>
    <ClInclude Include="core\occvtkconverter.h">
      <Filter>core</Filter>
    </ClInclude>
    <ClInclude Include="core\boolean_ops.h">
      <Filter>core</Filter>
    </ClInclude>
    <ClInclude Include="core\extrusion_geometry.h">
      <Filter>core</Filter>
    </ClInclude>
    <ClInclude Include="core\feature_modification_geometry.h">
      <Filter>core</Filter>
    </ClInclude>
    <ClInclude Include="core\feature_topology.h">
      <Filter>core</Filter>
    </ClInclude>
    <ClInclude Include="core\handle_geometry.h">
      <Filter>core</Filter>
    </ClInclude>
    <ClInclude Include="core\handle_spec.h">
      <Filter>core</Filter>
    </ClInclude>
    <ClInclude Include="core\selection_geometry.h">
      <Filter>core</Filter>
    </ClInclude>
    <ClInclude Include="core\primitive_geometry.h">
      <Filter>core</Filter>
    </ClInclude>
    <ClInclude Include="core\extrusion_recipe.h">
      <Filter>core</Filter>
    </ClInclude>
    <ClInclude Include="core\pattern_geometry.h">
      <Filter>core</Filter>
    </ClInclude>
    <ClInclude Include="core\revolve_geometry.h">
      <Filter>core</Filter>
    </ClInclude>
    <ClInclude Include="core\sketch_geometry.h">
      <Filter>core</Filter>
    </ClInclude>
    <ClInclude Include="core\patternfeaturetypes.h">
      <Filter>core</Filter>
    </ClInclude>
    <ClInclude Include="core\platformmath.h">
      <Filter>core</Filter>
    </ClInclude>
    <QtMoc Include="view\revolve_dialog.h">
      <Filter>view</Filter>
    </QtMoc>
    <ClInclude Include="model\sketch.h">
      <Filter>model</Filter>
    </ClInclude>
    <QtMoc Include="view\sketch_create_dialog.h">
      <Filter>view</Filter>
    </QtMoc>
    <QtMoc Include="view\sketch_tool_input_dialog.h">
      <Filter>view</Filter>
    </QtMoc>
    <QtMoc Include="view\sphere_params_dialog.h">
      <Filter>view</Filter>
    </QtMoc>
    <ClInclude Include="controller\updatemodelcommand.h">
      <Filter>controller</Filter>
    </ClInclude>
    <ClInclude Include="controller\sketcheditcommand.h">
      <Filter>controller</Filter>
    </ClInclude>
    <ClInclude Include="controller\patterncommand.h">
      <Filter>controller</Filter>
    </ClInclude>
    <ClInclude Include="controller\regeneratemodelcommand.h">
      <Filter>controller</Filter>
    </ClInclude>
    <QtMoc Include="view\vector_dialog.h">
      <Filter>view</Filter>
    </QtMoc>
    <QtMoc Include="view\main_window.h">
      <Filter>view</Filter>
    </QtMoc>
    <QtMoc Include="view\datum_axis.h">
      <Filter>view</Filter>
    </QtMoc>
    <ClInclude Include="view\main_menu_builder.h">
      <Filter>view</Filter>
    </ClInclude>
    <ClInclude Include="view\mirror_view_state.h">
      <Filter>view</Filter>
    </ClInclude>
    <ClInclude Include="view\mirror_view_types.h">
      <Filter>view</Filter>
    </ClInclude>
    <ClInclude Include="view\mirror_view_window.h">
      <Filter>view</Filter>
    </ClInclude>
    <QtMoc Include="3rdparty\SARibbon\SARibbon.h">
      <Filter>3rdparty\SARibbon</Filter>
    </QtMoc>
    <QtMoc Include="view\pattern_feature_dialog.h">
      <Filter>view</Filter>
    </QtMoc>
    <QtMoc Include="view\sketch_conic_dialog.h">
      <Filter>view</Filter>
    </QtMoc>
    <QtMoc Include="view\sketch_ellipse_dialog.h">
      <Filter>view</Filter>
    </QtMoc>
    <QtMoc Include="view\sketch_mode_dialogs.h">
      <Filter>view</Filter>
    </QtMoc>
    <QtMoc Include="view\sketch_polygon_dialog.h">
      <Filter>view</Filter>
    </QtMoc>
  </ItemGroup>
  <ItemGroup>
    <CustomBuild Include="vsbuild\Debug\moc_predefs.h.cbt">
      <Filter>Generated Files</Filter>
    </CustomBuild>
    <CustomBuild Include="vsbuild\Release\moc_predefs.h.cbt">
      <Filter>Generated Files</Filter>
    </CustomBuild>
  </ItemGroup>
  <ItemGroup>
    <QtUic Include="view\bool_operation_dialog.ui">
      <Filter>view</Filter>
    </QtUic>
    <QtUic Include="view\chamfer_dialog.ui">
      <Filter>view</Filter>
    </QtUic>
    <QtUic Include="view\cone_params_dialog.ui">
      <Filter>view</Filter>
    </QtUic>
    <QtUic Include="view\cuboid_params_dialog.ui">
      <Filter>view</Filter>
    </QtUic>
    <QtUic Include="view\cylinder_dialog.ui">
      <Filter>view</Filter>
    </QtUic>
    <QtUic Include="view\datum_plane_dialog.ui">
      <Filter>view</Filter>
    </QtUic>
    <QtUic Include="view\expression_dialog.ui">
      <Filter>view</Filter>
    </QtUic>
    <QtUic Include="view\extrusion_dialog.ui">
      <Filter>view</Filter>
    </QtUic>
    <QtUic Include="view\fillet_dialog.ui">
      <Filter>view</Filter>
    </QtUic>
    <QtUic Include="view\history_list_item.ui">
      <Filter>view</Filter>
    </QtUic>
    <QtUic Include="view\revolve_dialog.ui">
      <Filter>view</Filter>
    </QtUic>
    <QtUic Include="view\sketch_create_dialog.ui">
      <Filter>view</Filter>
    </QtUic>
    <QtUic Include="view\sketch_tool_input_dialog.ui">
      <Filter>view</Filter>
    </QtUic>
    <QtUic Include="view\sphere_params_dialog.ui">
      <Filter>view</Filter>
    </QtUic>
    <QtUic Include="view\vector_dialog.ui">
      <Filter>view</Filter>
    </QtUic>
    <QtUic Include="view\main_window.ui">
      <Filter>view</Filter>
    </QtUic>
  </ItemGroup>
  <ItemGroup>
    <None Include="resource\NewWindow.png">
      <Filter>resource</Filter>
    </None>
    <None Include="resource\Open.png">
      <Filter>resource</Filter>
    </None>
    <None Include="resource\Save.png">
      <Filter>resource</Filter>
    </None>
    <None Include="resource\Window.png">
      <Filter>resource</Filter>
    </None>
    <None Include="resource\capture.png">
      <Filter>resource</Filter>
    </None>
    <None Include="resource\capture_arc_center_point.png">
      <Filter>resource</Filter>
    </None>
    <None Include="resource\capture_clear.png">
      <Filter>resource</Filter>
    </None>
    <None Include="resource\capture_closed.png">
      <Filter>resource</Filter>
    </None>
    <None Include="resource\capture_endpoint.png">
      <Filter>resource</Filter>
    </None>
    <None Include="resource\capture_intersection_point.png">
      <Filter>resource</Filter>
    </None>
    <None Include="resource\capture_midpoint.png">
      <Filter>resource</Filter>
    </None>
    <None Include="resource\capture_quadrant_point.png">
      <Filter>resource</Filter>
    </None>
    <None Include="resource\cone.png">
      <Filter>resource</Filter>
    </None>
    <None Include="resource\cone_color.png">
      <Filter>resource</Filter>
    </None>
    <None Include="resource\cuboid.png">
      <Filter>resource</Filter>
    </None>
    <None Include="resource\cuboid_color.png">
      <Filter>resource</Filter>
    </None>
    <None Include="resource\cylinder.png">
      <Filter>resource</Filter>
    </None>
    <None Include="resource\cylinder_color.png">
      <Filter>resource</Filter>
    </None>
    <None Include="resource\redo.png">
      <Filter>resource</Filter>
    </None>
    <QtRcc Include="resource\resources.qrc">
      <Filter>resource</Filter>
    </QtRcc>
    <None Include="resource\sphere.png">
      <Filter>resource</Filter>
    </None>
    <None Include="resource\sphere_color.png">
      <Filter>resource</Filter>
    </None>
    <None Include="resource\undo.png">
      <Filter>resource</Filter>
    </None>
  </ItemGroup>
</Project>